
Microsoft Visual Studio Solution File, Format Version 12.00
# Visual Studio Version 17
VisualStudioVersion = 17.0.32014.148
MinimumVisualStudioVersion = 10.0.40219.1
Project("{8BC9CEB8-8B4A-11D0-8D11-00A0C91BC942}") = "Homwork220112", "Homwork220112\Homwork220112.vcxproj", "{AE69C82A-B2A1-4047-A03B-456A1DFB4F1D}"
EndProject
Global
	GlobalSection(SolutionConfigurationPlatforms) = preSolution
		Debug|x64 = Debug|x64
		Debug|x86 = Debug|x86
		Release|x64 = Release|x64
		Release|x86 = Release|x86
	EndGlobalSection
	GlobalSection(ProjectConfigurationPlatforms) = postSolution
		{AE69C82A-B2A1-4047-A03B-456A1DFB4F1D}.Debug|x64.ActiveCfg = Debug|x64
		{AE69C82A-B2A1-4047-A03B-456A1DFB4F1D}.Debug|x64.Build.0 = Debug|x64
		{AE69C82A-B2A1-4047-A03B-456A1DFB4F1D}.Debug|x86.ActiveCfg = Debug|Win32
		{AE69C82A-B2A1-4047-A03B-456A1DFB4F1D}.Debug|x86.Build.0 = Debug|Win32
		{AE69C82A-B2A1-4047-A03B-456A1DFB4F1D}.Release|x64.ActiveCfg = Release|x64
		{AE69C82A-B2A1-4047-A03B-456A1DFB4F1D}.Release|x64.Build.0 = Release|x64
		{AE69C82A-B2A1-4047-A03B-456A1DFB4F1D}.Release|x86.ActiveCfg = Release|Win32
		{AE69C82A-B2A1-4047-A03B-456A1DFB4F1D}.Release|x86.Build.0 = Release|Win32
	EndGlobalSection
	GlobalSection(SolutionProperties) = preSolution
		HideSolutionNode = FALSE
	EndGlobalSection
	GlobalSection(ExtensibilityGlobals) = postSolution
		SolutionGuid = {5885C3FD-CDA8-4CB9-B21F-DE4C4E0E4C74}
	EndGlobalSection
EndGlobal
