
Microsoft Visual Studio Solution File, Format Version 12.00
# Visual Studio Version 17
VisualStudioVersion = 17.0.32014.148
MinimumVisualStudioVersion = 10.0.40219.1
Project("{8BC9CEB8-8B4A-11D0-8D11-00A0C91BC942}") = "CreatePrintfFunction", "CreatePrintfFunction\CreatePrintfFunction.vcxproj", "{C9C94ECB-FA83-4DD9-921D-8297BAD3182E}"
EndProject
Project("{8BC9CEB8-8B4A-11D0-8D11-00A0C91BC942}") = "Homework220113", "Homework220113\Homework220113.vcxproj", "{D55105BF-C92B-4E23-BD71-B03D48387760}"
EndProject
Project("{8BC9CEB8-8B4A-11D0-8D11-00A0C91BC942}") = "Homework220112", "Homework220112\Homework220112.vcxproj", "{80014D2F-415F-4ECB-B733-E33D574BF53D}"
EndProject
Project("{8BC9CEB8-8B4A-11D0-8D11-00A0C91BC942}") = "Homework220114", "Homework220114\Homework220114.vcxproj", "{2AED493F-E104-431D-9250-930A05FB687B}"
EndProject
Project("{8BC9CEB8-8B4A-11D0-8D11-00A0C91BC942}") = "Homework220115", "Homework220115\Homework220115.vcxproj", "{31DD93E6-4BA6-49A0-A60F-4044FC281F8C}"
EndProject
Project("{8BC9CEB8-8B4A-11D0-8D11-00A0C91BC942}") = "Homework220126", "Homework220126\Homework220126.vcxproj", "{0BCEFB67-00FE-4C7D-BA7B-34FFB98B529A}"
EndProject
Project("{2150E333-8FDC-42A3-9474-1A3956D46DE8}") = "Homework", "Homework", "{E6DAB748-6E95-44CA-960E-EDE6145C0A2A}"
	ProjectSection(SolutionItems) = preProject
		Homework220207.JPG = Homework220207.JPG
	EndProjectSection
EndProject
Project("{2150E333-8FDC-42A3-9474-1A3956D46DE8}") = "Review", "Review", "{B1BC0601-85A6-4FA3-9F1C-A5521E746008}"
EndProject
Project("{8BC9CEB8-8B4A-11D0-8D11-00A0C91BC942}") = "ConsoleScreen", "ConsoleScreen\ConsoleScreen.vcxproj", "{1FC88DCD-B0EC-4C62-BA1E-082FCC95DF34}"
EndProject
Project("{8BC9CEB8-8B4A-11D0-8D11-00A0C91BC942}") = "Homework220209", "Homework220209\Homework220209.vcxproj", "{CB65F2B4-69AF-4705-AD3C-C638CE6B71F4}"
EndProject
Project("{8BC9CEB8-8B4A-11D0-8D11-00A0C91BC942}") = "Homework220210", "Homework220210\Homework220210.vcxproj", "{2C0E026E-2071-4ECD-B9B6-E0BEDB081C9F}"
EndProject
Project("{8BC9CEB8-8B4A-11D0-8D11-00A0C91BC942}") = "Homework220215", "Homework220215\Homework220215.vcxproj", "{6FE47B81-B086-48B6-B0FB-37DBB0E52F35}"
EndProject
Project("{8BC9CEB8-8B4A-11D0-8D11-00A0C91BC942}") = "TemplateArray", "TemplateArray\TemplateArray.vcxproj", "{3F845D6E-22E4-4C00-9AAD-7F276FF2CC37}"
EndProject
Project("{2150E333-8FDC-42A3-9474-1A3956D46DE8}") = "DataStruct", "DataStruct", "{AF22229E-4522-4D74-A1A6-CA93710C3A2B}"
EndProject
Project("{8BC9CEB8-8B4A-11D0-8D11-00A0C91BC942}") = "Node", "Node\Node.vcxproj", "{62FEA137-3477-4582-8B93-8DDAC693B4ED}"
EndProject
Project("{8BC9CEB8-8B4A-11D0-8D11-00A0C91BC942}") = "Homework220221", "Homework220221\Homework220221.vcxproj", "{67A9BA9F-42B8-44F0-8ABA-D19B92DCFE89}"
EndProject
Project("{8BC9CEB8-8B4A-11D0-8D11-00A0C91BC942}") = "SnakeGame", "SnakeGame\SnakeGame.vcxproj", "{D758D4E3-04F1-4E94-9B88-D1AC15FEF537}"
EndProject
Project("{8BC9CEB8-8B4A-11D0-8D11-00A0C91BC942}") = "Homework220222", "Homework220222\Homework220222.vcxproj", "{73BCF939-B6F6-4D73-B52A-DA07822675F6}"
EndProject
Global
	GlobalSection(SolutionConfigurationPlatforms) = preSolution
		Debug|x64 = Debug|x64
		Debug|x86 = Debug|x86
		Release|x64 = Release|x64
		Release|x86 = Release|x86
	EndGlobalSection
	GlobalSection(ProjectConfigurationPlatforms) = postSolution
		{C9C94ECB-FA83-4DD9-921D-8297BAD3182E}.Debug|x64.ActiveCfg = Debug|x64
		{C9C94ECB-FA83-4DD9-921D-8297BAD3182E}.Debug|x64.Build.0 = Debug|x64
		{C9C94ECB-FA83-4DD9-921D-8297BAD3182E}.Debug|x86.ActiveCfg = Debug|Win32
		{C9C94ECB-FA83-4DD9-921D-8297BAD3182E}.Debug|x86.Build.0 = Debug|Win32
		{C9C94ECB-FA83-4DD9-921D-8297BAD3182E}.Release|x64.ActiveCfg = Release|x64
		{C9C94ECB-FA83-4DD9-921D-8297BAD3182E}.Release|x64.Build.0 = Release|x64
		{C9C94ECB-FA83-4DD9-921D-8297BAD3182E}.Release|x86.ActiveCfg = Release|Win32
		{C9C94ECB-FA83-4DD9-921D-8297BAD3182E}.Release|x86.Build.0 = Release|Win32
		{D55105BF-C92B-4E23-BD71-B03D48387760}.Debug|x64.ActiveCfg = Debug|x64
		{D55105BF-C92B-4E23-BD71-B03D48387760}.Debug|x64.Build.0 = Debug|x64
		{D55105BF-C92B-4E23-BD71-B03D48387760}.Debug|x86.ActiveCfg = Debug|Win32
		{D55105BF-C92B-4E23-BD71-B03D48387760}.Debug|x86.Build.0 = Debug|Win32
		{D55105BF-C92B-4E23-BD71-B03D48387760}.Release|x64.ActiveCfg = Release|x64
		{D55105BF-C92B-4E23-BD71-B03D48387760}.Release|x64.Build.0 = Release|x64
		{D55105BF-C92B-4E23-BD71-B03D48387760}.Release|x86.ActiveCfg = Release|Win32
		{D55105BF-C92B-4E23-BD71-B03D48387760}.Release|x86.Build.0 = Release|Win32
		{80014D2F-415F-4ECB-B733-E33D574BF53D}.Debug|x64.ActiveCfg = Debug|x64
		{80014D2F-415F-4ECB-B733-E33D574BF53D}.Debug|x64.Build.0 = Debug|x64
		{80014D2F-415F-4ECB-B733-E33D574BF53D}.Debug|x86.ActiveCfg = Debug|Win32
		{80014D2F-415F-4ECB-B733-E33D574BF53D}.Debug|x86.Build.0 = Debug|Win32
		{80014D2F-415F-4ECB-B733-E33D574BF53D}.Release|x64.ActiveCfg = Release|x64
		{80014D2F-415F-4ECB-B733-E33D574BF53D}.Release|x64.Build.0 = Release|x64
		{80014D2F-415F-4ECB-B733-E33D574BF53D}.Release|x86.ActiveCfg = Release|Win32
		{80014D2F-415F-4ECB-B733-E33D574BF53D}.Release|x86.Build.0 = Release|Win32
		{2AED493F-E104-431D-9250-930A05FB687B}.Debug|x64.ActiveCfg = Debug|x64
		{2AED493F-E104-431D-9250-930A05FB687B}.Debug|x64.Build.0 = Debug|x64
		{2AED493F-E104-431D-9250-930A05FB687B}.Debug|x86.ActiveCfg = Debug|Win32
		{2AED493F-E104-431D-9250-930A05FB687B}.Debug|x86.Build.0 = Debug|Win32
		{2AED493F-E104-431D-9250-930A05FB687B}.Release|x64.ActiveCfg = Release|x64
		{2AED493F-E104-431D-9250-930A05FB687B}.Release|x64.Build.0 = Release|x64
		{2AED493F-E104-431D-9250-930A05FB687B}.Release|x86.ActiveCfg = Release|Win32
		{2AED493F-E104-431D-9250-930A05FB687B}.Release|x86.Build.0 = Release|Win32
		{31DD93E6-4BA6-49A0-A60F-4044FC281F8C}.Debug|x64.ActiveCfg = Debug|x64
		{31DD93E6-4BA6-49A0-A60F-4044FC281F8C}.Debug|x64.Build.0 = Debug|x64
		{31DD93E6-4BA6-49A0-A60F-4044FC281F8C}.Debug|x86.ActiveCfg = Debug|Win32
		{31DD93E6-4BA6-49A0-A60F-4044FC281F8C}.Debug|x86.Build.0 = Debug|Win32
		{31DD93E6-4BA6-49A0-A60F-4044FC281F8C}.Release|x64.ActiveCfg = Release|x64
		{31DD93E6-4BA6-49A0-A60F-4044FC281F8C}.Release|x64.Build.0 = Release|x64
		{31DD93E6-4BA6-49A0-A60F-4044FC281F8C}.Release|x86.ActiveCfg = Release|Win32
		{31DD93E6-4BA6-49A0-A60F-4044FC281F8C}.Release|x86.Build.0 = Release|Win32
		{0BCEFB67-00FE-4C7D-BA7B-34FFB98B529A}.Debug|x64.ActiveCfg = Debug|x64
		{0BCEFB67-00FE-4C7D-BA7B-34FFB98B529A}.Debug|x64.Build.0 = Debug|x64
		{0BCEFB67-00FE-4C7D-BA7B-34FFB98B529A}.Debug|x86.ActiveCfg = Debug|Win32
		{0BCEFB67-00FE-4C7D-BA7B-34FFB98B529A}.Debug|x86.Build.0 = Debug|Win32
		{0BCEFB67-00FE-4C7D-BA7B-34FFB98B529A}.Release|x64.ActiveCfg = Release|x64
		{0BCEFB67-00FE-4C7D-BA7B-34FFB98B529A}.Release|x64.Build.0 = Release|x64
		{0BCEFB67-00FE-4C7D-BA7B-34FFB98B529A}.Release|x86.ActiveCfg = Release|Win32
		{0BCEFB67-00FE-4C7D-BA7B-34FFB98B529A}.Release|x86.Build.0 = Release|Win32
		{1FC88DCD-B0EC-4C62-BA1E-082FCC95DF34}.Debug|x64.ActiveCfg = Debug|x64
		{1FC88DCD-B0EC-4C62-BA1E-082FCC95DF34}.Debug|x64.Build.0 = Debug|x64
		{1FC88DCD-B0EC-4C62-BA1E-082FCC95DF34}.Debug|x86.ActiveCfg = Debug|Win32
		{1FC88DCD-B0EC-4C62-BA1E-082FCC95DF34}.Debug|x86.Build.0 = Debug|Win32
		{1FC88DCD-B0EC-4C62-BA1E-082FCC95DF34}.Release|x64.ActiveCfg = Release|x64
		{1FC88DCD-B0EC-4C62-BA1E-082FCC95DF34}.Release|x64.Build.0 = Release|x64
		{1FC88DCD-B0EC-4C62-BA1E-082FCC95DF34}.Release|x86.ActiveCfg = Release|Win32
		{1FC88DCD-B0EC-4C62-BA1E-082FCC95DF34}.Release|x86.Build.0 = Release|Win32
		{CB65F2B4-69AF-4705-AD3C-C638CE6B71F4}.Debug|x64.ActiveCfg = Debug|x64
		{CB65F2B4-69AF-4705-AD3C-C638CE6B71F4}.Debug|x64.Build.0 = Debug|x64
		{CB65F2B4-69AF-4705-AD3C-C638CE6B71F4}.Debug|x86.ActiveCfg = Debug|Win32
		{CB65F2B4-69AF-4705-AD3C-C638CE6B71F4}.Debug|x86.Build.0 = Debug|Win32
		{CB65F2B4-69AF-4705-AD3C-C638CE6B71F4}.Release|x64.ActiveCfg = Release|x64
		{CB65F2B4-69AF-4705-AD3C-C638CE6B71F4}.Release|x64.Build.0 = Release|x64
		{CB65F2B4-69AF-4705-AD3C-C638CE6B71F4}.Release|x86.ActiveCfg = Release|Win32
		{CB65F2B4-69AF-4705-AD3C-C638CE6B71F4}.Release|x86.Build.0 = Release|Win32
		{2C0E026E-2071-4ECD-B9B6-E0BEDB081C9F}.Debug|x64.ActiveCfg = Debug|x64
		{2C0E026E-2071-4ECD-B9B6-E0BEDB081C9F}.Debug|x64.Build.0 = Debug|x64
		{2C0E026E-2071-4ECD-B9B6-E0BEDB081C9F}.Debug|x86.ActiveCfg = Debug|Win32
		{2C0E026E-2071-4ECD-B9B6-E0BEDB081C9F}.Debug|x86.Build.0 = Debug|Win32
		{2C0E026E-2071-4ECD-B9B6-E0BEDB081C9F}.Release|x64.ActiveCfg = Release|x64
		{2C0E026E-2071-4ECD-B9B6-E0BEDB081C9F}.Release|x64.Build.0 = Release|x64
		{2C0E026E-2071-4ECD-B9B6-E0BEDB081C9F}.Release|x86.ActiveCfg = Release|Win32
		{2C0E026E-2071-4ECD-B9B6-E0BEDB081C9F}.Release|x86.Build.0 = Release|Win32
		{6FE47B81-B086-48B6-B0FB-37DBB0E52F35}.Debug|x64.ActiveCfg = Debug|x64
		{6FE47B81-B086-48B6-B0FB-37DBB0E52F35}.Debug|x64.Build.0 = Debug|x64
		{6FE47B81-B086-48B6-B0FB-37DBB0E52F35}.Debug|x86.ActiveCfg = Debug|Win32
		{6FE47B81-B086-48B6-B0FB-37DBB0E52F35}.Debug|x86.Build.0 = Debug|Win32
		{6FE47B81-B086-48B6-B0FB-37DBB0E52F35}.Release|x64.ActiveCfg = Release|x64
		{6FE47B81-B086-48B6-B0FB-37DBB0E52F35}.Release|x64.Build.0 = Release|x64
		{6FE47B81-B086-48B6-B0FB-37DBB0E52F35}.Release|x86.ActiveCfg = Release|Win32
		{6FE47B81-B086-48B6-B0FB-37DBB0E52F35}.Release|x86.Build.0 = Release|Win32
		{3F845D6E-22E4-4C00-9AAD-7F276FF2CC37}.Debug|x64.ActiveCfg = Debug|x64
		{3F845D6E-22E4-4C00-9AAD-7F276FF2CC37}.Debug|x64.Build.0 = Debug|x64
		{3F845D6E-22E4-4C00-9AAD-7F276FF2CC37}.Debug|x86.ActiveCfg = Debug|Win32
		{3F845D6E-22E4-4C00-9AAD-7F276FF2CC37}.Debug|x86.Build.0 = Debug|Win32
		{3F845D6E-22E4-4C00-9AAD-7F276FF2CC37}.Release|x64.ActiveCfg = Release|x64
		{3F845D6E-22E4-4C00-9AAD-7F276FF2CC37}.Release|x64.Build.0 = Release|x64
		{3F845D6E-22E4-4C00-9AAD-7F276FF2CC37}.Release|x86.ActiveCfg = Release|Win32
		{3F845D6E-22E4-4C00-9AAD-7F276FF2CC37}.Release|x86.Build.0 = Release|Win32
		{62FEA137-3477-4582-8B93-8DDAC693B4ED}.Debug|x64.ActiveCfg = Debug|x64
		{62FEA137-3477-4582-8B93-8DDAC693B4ED}.Debug|x64.Build.0 = Debug|x64
		{62FEA137-3477-4582-8B93-8DDAC693B4ED}.Debug|x86.ActiveCfg = Debug|Win32
		{62FEA137-3477-4582-8B93-8DDAC693B4ED}.Debug|x86.Build.0 = Debug|Win32
		{62FEA137-3477-4582-8B93-8DDAC693B4ED}.Release|x64.ActiveCfg = Release|x64
		{62FEA137-3477-4582-8B93-8DDAC693B4ED}.Release|x64.Build.0 = Release|x64
		{62FEA137-3477-4582-8B93-8DDAC693B4ED}.Release|x86.ActiveCfg = Release|Win32
		{62FEA137-3477-4582-8B93-8DDAC693B4ED}.Release|x86.Build.0 = Release|Win32
		{67A9BA9F-42B8-44F0-8ABA-D19B92DCFE89}.Debug|x64.ActiveCfg = Debug|x64
		{67A9BA9F-42B8-44F0-8ABA-D19B92DCFE89}.Debug|x64.Build.0 = Debug|x64
		{67A9BA9F-42B8-44F0-8ABA-D19B92DCFE89}.Debug|x86.ActiveCfg = Debug|Win32
		{67A9BA9F-42B8-44F0-8ABA-D19B92DCFE89}.Debug|x86.Build.0 = Debug|Win32
		{67A9BA9F-42B8-44F0-8ABA-D19B92DCFE89}.Release|x64.ActiveCfg = Release|x64
		{67A9BA9F-42B8-44F0-8ABA-D19B92DCFE89}.Release|x64.Build.0 = Release|x64
		{67A9BA9F-42B8-44F0-8ABA-D19B92DCFE89}.Release|x86.ActiveCfg = Release|Win32
		{67A9BA9F-42B8-44F0-8ABA-D19B92DCFE89}.Release|x86.Build.0 = Release|Win32
		{D758D4E3-04F1-4E94-9B88-D1AC15FEF537}.Debug|x64.ActiveCfg = Debug|x64
		{D758D4E3-04F1-4E94-9B88-D1AC15FEF537}.Debug|x64.Build.0 = Debug|x64
		{D758D4E3-04F1-4E94-9B88-D1AC15FEF537}.Debug|x86.ActiveCfg = Debug|Win32
		{D758D4E3-04F1-4E94-9B88-D1AC15FEF537}.Debug|x86.Build.0 = Debug|Win32
		{D758D4E3-04F1-4E94-9B88-D1AC15FEF537}.Release|x64.ActiveCfg = Release|x64
		{D758D4E3-04F1-4E94-9B88-D1AC15FEF537}.Release|x64.Build.0 = Release|x64
		{D758D4E3-04F1-4E94-9B88-D1AC15FEF537}.Release|x86.ActiveCfg = Release|Win32
		{D758D4E3-04F1-4E94-9B88-D1AC15FEF537}.Release|x86.Build.0 = Release|Win32
		{73BCF939-B6F6-4D73-B52A-DA07822675F6}.Debug|x64.ActiveCfg = Debug|x64
		{73BCF939-B6F6-4D73-B52A-DA07822675F6}.Debug|x64.Build.0 = Debug|x64
		{73BCF939-B6F6-4D73-B52A-DA07822675F6}.Debug|x86.ActiveCfg = Debug|Win32
		{73BCF939-B6F6-4D73-B52A-DA07822675F6}.Debug|x86.Build.0 = Debug|Win32
		{73BCF939-B6F6-4D73-B52A-DA07822675F6}.Release|x64.ActiveCfg = Release|x64
		{73BCF939-B6F6-4D73-B52A-DA07822675F6}.Release|x64.Build.0 = Release|x64
		{73BCF939-B6F6-4D73-B52A-DA07822675F6}.Release|x86.ActiveCfg = Release|Win32
		{73BCF939-B6F6-4D73-B52A-DA07822675F6}.Release|x86.Build.0 = Release|Win32
	EndGlobalSection
	GlobalSection(SolutionProperties) = preSolution
		HideSolutionNode = FALSE
	EndGlobalSection
	GlobalSection(NestedProjects) = preSolution
		{C9C94ECB-FA83-4DD9-921D-8297BAD3182E} = {B1BC0601-85A6-4FA3-9F1C-A5521E746008}
		{D55105BF-C92B-4E23-BD71-B03D48387760} = {E6DAB748-6E95-44CA-960E-EDE6145C0A2A}
		{80014D2F-415F-4ECB-B733-E33D574BF53D} = {E6DAB748-6E95-44CA-960E-EDE6145C0A2A}
		{2AED493F-E104-431D-9250-930A05FB687B} = {E6DAB748-6E95-44CA-960E-EDE6145C0A2A}
		{31DD93E6-4BA6-49A0-A60F-4044FC281F8C} = {E6DAB748-6E95-44CA-960E-EDE6145C0A2A}
		{0BCEFB67-00FE-4C7D-BA7B-34FFB98B529A} = {E6DAB748-6E95-44CA-960E-EDE6145C0A2A}
		{1FC88DCD-B0EC-4C62-BA1E-082FCC95DF34} = {B1BC0601-85A6-4FA3-9F1C-A5521E746008}
		{CB65F2B4-69AF-4705-AD3C-C638CE6B71F4} = {E6DAB748-6E95-44CA-960E-EDE6145C0A2A}
		{2C0E026E-2071-4ECD-B9B6-E0BEDB081C9F} = {E6DAB748-6E95-44CA-960E-EDE6145C0A2A}
		{6FE47B81-B086-48B6-B0FB-37DBB0E52F35} = {E6DAB748-6E95-44CA-960E-EDE6145C0A2A}
		{3F845D6E-22E4-4C00-9AAD-7F276FF2CC37} = {AF22229E-4522-4D74-A1A6-CA93710C3A2B}
		{62FEA137-3477-4582-8B93-8DDAC693B4ED} = {AF22229E-4522-4D74-A1A6-CA93710C3A2B}
		{67A9BA9F-42B8-44F0-8ABA-D19B92DCFE89} = {E6DAB748-6E95-44CA-960E-EDE6145C0A2A}
		{D758D4E3-04F1-4E94-9B88-D1AC15FEF537} = {B1BC0601-85A6-4FA3-9F1C-A5521E746008}
		{73BCF939-B6F6-4D73-B52A-DA07822675F6} = {E6DAB748-6E95-44CA-960E-EDE6145C0A2A}
	EndGlobalSection
	GlobalSection(ExtensibilityGlobals) = postSolution
		SolutionGuid = {5885C3FD-CDA8-4CB9-B21F-DE4C4E0E4C74}
	EndGlobalSection
EndGlobal
